// !$*UTF8*$!
{
	archiveVersion = 1;
	classes = {
	};
	objectVersion = 56;
	objects = {

/* Begin PBXBuildFile section */
		D2367A3229730DDD0089E687 /* Users.swift in Sources */ = {isa = PBXBuildFile; fileRef = D2367A3129730DDD0089E687 /* Users.swift */; };
		D26D566D29720AF300D12AF4 /* AppDelegate.swift in Sources */ = {isa = PBXBuildFile; fileRef = D26D566C29720AF300D12AF4 /* AppDelegate.swift */; };
		D26D566F29720AF300D12AF4 /* SceneDelegate.swift in Sources */ = {isa = PBXBuildFile; fileRef = D26D566E29720AF300D12AF4 /* SceneDelegate.swift */; };
		D26D567129720AF300D12AF4 /* LoginViewController.swift in Sources */ = {isa = PBXBuildFile; fileRef = D26D567029720AF300D12AF4 /* LoginViewController.swift */; };
		D26D567429720AF300D12AF4 /* Main.storyboard in Resources */ = {isa = PBXBuildFile; fileRef = D26D567229720AF300D12AF4 /* Main.storyboard */; };
		D26D567629720AF300D12AF4 /* Assets.xcassets in Resources */ = {isa = PBXBuildFile; fileRef = D26D567529720AF300D12AF4 /* Assets.xcassets */; };
		D26D567929720AF300D12AF4 /* LaunchScreen.storyboard in Resources */ = {isa = PBXBuildFile; fileRef = D26D567729720AF300D12AF4 /* LaunchScreen.storyboard */; };
		D26D56A22972BBE800D12AF4 /* SignupViewController.swift in Sources */ = {isa = PBXBuildFile; fileRef = D26D56A12972BBE800D12AF4 /* SignupViewController.swift */; };
		D26D56A42972D87E00D12AF4 /* DashboardViewController.swift in Sources */ = {isa = PBXBuildFile; fileRef = D26D56A32972D87E00D12AF4 /* DashboardViewController.swift */; };
/* End PBXBuildFile section */

/* Begin PBXFileReference section */
		D2367A3129730DDD0089E687 /* Users.swift */ = {isa = PBXFileReference; lastKnownFileType = sourcecode.swift; path = Users.swift; sourceTree = "<group>"; };
		D26D566929720AF300D12AF4 /* SignupApp.app */ = {isa = PBXFileReference; explicitFileType = wrapper.application; includeInIndex = 0; path = SignupApp.app; sourceTree = BUILT_PRODUCTS_DIR; };
		D26D566C29720AF300D12AF4 /* AppDelegate.swift */ = {isa = PBXFileReference; lastKnownFileType = sourcecode.swift; path = AppDelegate.swift; sourceTree = "<group>"; };
		D26D566E29720AF300D12AF4 /* SceneDelegate.swift */ = {isa = PBXFileReference; lastKnownFileType = sourcecode.swift; path = SceneDelegate.swift; sourceTree = "<group>"; };
		D26D567029720AF300D12AF4 /* LoginViewController.swift */ = {isa = PBXFileReference; lastKnownFileType = sourcecode.swift; path = LoginViewController.swift; sourceTree = "<group>"; };
		D26D567329720AF300D12AF4 /* Base */ = {isa = PBXFileReference; lastKnownFileType = file.storyboard; name = Base; path = Base.lproj/Main.storyboard; sourceTree = "<group>"; };
		D26D567529720AF300D12AF4 /* Assets.xcassets */ = {isa = PBXFileReference; lastKnownFileType = folder.assetcatalog; path = Assets.xcassets; sourceTree = "<group>"; };
		D26D567829720AF300D12AF4 /* Base */ = {isa = PBXFileReference; lastKnownFileType = file.storyboard; name = Base; path = Base.lproj/LaunchScreen.storyboard; sourceTree = "<group>"; };
		D26D567A29720AF300D12AF4 /* Info.plist */ = {isa = PBXFileReference; lastKnownFileType = text.plist.xml; path = Info.plist; sourceTree = "<group>"; };
		D26D56A12972BBE800D12AF4 /* SignupViewController.swift */ = {isa = PBXFileReference; lastKnownFileType = sourcecode.swift; path = SignupViewController.swift; sourceTree = "<group>"; };
		D26D56A32972D87E00D12AF4 /* DashboardViewController.swift */ = {isa = PBXFileReference; lastKnownFileType = sourcecode.swift; path = DashboardViewController.swift; sourceTree = "<group>"; };
/* End PBXFileReference section */

/* Begin PBXFrameworksBuildPhase section */
		D26D566629720AF300D12AF4 /* Frameworks */ = {
			isa = PBXFrameworksBuildPhase;
			buildActionMask = 2147483647;
			files = (
			);
			runOnlyForDeploymentPostprocessing = 0;
		};
/* End PBXFrameworksBuildPhase section */

/* Begin PBXGroup section */
		D26D566029720AF300D12AF4 = {
			isa = PBXGroup;
			children = (
				D26D566B29720AF300D12AF4 /* SignupApp */,
				D26D566A29720AF300D12AF4 /* Products */,
			);
			sourceTree = "<group>";
		};
		D26D566A29720AF300D12AF4 /* Products */ = {
			isa = PBXGroup;
			children = (
				D26D566929720AF300D12AF4 /* SignupApp.app */,
			);
			name = Products;
			sourceTree = "<group>";
		};
		D26D566B29720AF300D12AF4 /* SignupApp */ = {
			isa = PBXGroup;
			children = (
				D26D566C29720AF300D12AF4 /* AppDelegate.swift */,
				D26D566E29720AF300D12AF4 /* SceneDelegate.swift */,
				D2367A3129730DDD0089E687 /* Users.swift */,
				D26D568029720FFF00D12AF4 /* ViewControllers */,
				D26D567229720AF300D12AF4 /* Main.storyboard */,
				D26D567529720AF300D12AF4 /* Assets.xcassets */,
				D26D567729720AF300D12AF4 /* LaunchScreen.storyboard */,
				D26D567A29720AF300D12AF4 /* Info.plist */,
			);
			path = SignupApp;
			sourceTree = "<group>";
		};
		D26D568029720FFF00D12AF4 /* ViewControllers */ = {
			isa = PBXGroup;
			children = (
				D26D567029720AF300D12AF4 /* LoginViewController.swift */,
				D26D56A12972BBE800D12AF4 /* SignupViewController.swift */,
				D26D56A32972D87E00D12AF4 /* DashboardViewController.swift */,
			);
			path = ViewControllers;
			sourceTree = "<group>";
		};
/* End PBXGroup section */

/* Begin PBXNativeTarget section */
		D26D566829720AF300D12AF4 /* SignupApp */ = {
			isa = PBXNativeTarget;
			buildConfigurationList = D26D567D29720AF300D12AF4 /* Build configuration list for PBXNativeTarget "SignupApp" */;
			buildPhases = (
				D26D566529720AF300D12AF4 /* Sources */,
				D26D566629720AF300D12AF4 /* Frameworks */,
				D26D566729720AF300D12AF4 /* Resources */,
			);
			buildRules = (
			);
			dependencies = (
			);
			name = SignupApp;
			productName = SignupApp;
			productReference = D26D566929720AF300D12AF4 /* SignupApp.app */;
			productType = "com.apple.product-type.application";
		};
/* End PBXNativeTarget section */

/* Begin PBXProject section */
		D26D566129720AF300D12AF4 /* Project object */ = {
			isa = PBXProject;
			attributes = {
				BuildIndependentTargetsInParallel = 1;
				LastSwiftUpdateCheck = 1420;
				LastUpgradeCheck = 1420;
				TargetAttributes = {
					D26D566829720AF300D12AF4 = {
						CreatedOnToolsVersion = 14.2;
					};
				};
			};
			buildConfigurationList = D26D566429720AF300D12AF4 /* Build configuration list for PBXProject "SignupApp" */;
			compatibilityVersion = "Xcode 14.0";
			developmentRegion = en;
			hasScannedForEncodings = 0;
			knownRegions = (
				en,
				Base,
			);
			mainGroup = D26D566029720AF300D12AF4;
			productRefGroup = D26D566A29720AF300D12AF4 /* Products */;
			projectDirPath = "";
			projectRoot = "";
			targets = (
				D26D566829720AF300D12AF4 /* SignupApp */,
			);
		};
/* End PBXProject section */

/* Begin PBXResourcesBuildPhase section */
		D26D566729720AF300D12AF4 /* Resources */ = {
			isa = PBXResourcesBuildPhase;
			buildActionMask = 2147483647;
			files = (
				D26D567929720AF300D12AF4 /* LaunchScreen.storyboard in Resources */,
				D26D567629720AF300D12AF4 /* Assets.xcassets in Resources */,
				D26D567429720AF300D12AF4 /* Main.storyboard in Resources */,
			);
			runOnlyForDeploymentPostprocessing = 0;
		};
/* End PBXResourcesBuildPhase section */

/* Begin PBXSourcesBuildPhase section */
		D26D566529720AF300D12AF4 /* Sources */ = {
			isa = PBXSourcesBuildPhase;
			buildActionMask = 2147483647;
			files = (
				D26D567129720AF300D12AF4 /* LoginViewController.swift in Sources */,
				D26D566D29720AF300D12AF4 /* AppDelegate.swift in Sources */,
				D26D56A42972D87E00D12AF4 /* DashboardViewController.swift in Sources */,
				D26D56A22972BBE800D12AF4 /* SignupViewController.swift in Sources */,
				D2367A3229730DDD0089E687 /* Users.swift in Sources */,
				D26D566F29720AF300D12AF4 /* SceneDelegate.swift in Sources */,
			);
			runOnlyForDeploymentPostprocessing = 0;
		};
/* End PBXSourcesBuildPhase section */

/* Begin PBXVariantGroup section */
		D26D567229720AF300D12AF4 /* Main.storyboard */ = {
			isa = PBXVariantGroup;
			children = (
				D26D567329720AF300D12AF4 /* Base */,
			);
			name = Main.storyboard;
			sourceTree = "<group>";
		};
		D26D567729720AF300D12AF4 /* LaunchScreen.storyboard */ = {
			isa = PBXVariantGroup;
			children = (
				D26D567829720AF300D12AF4 /* Base */,
			);
			name = LaunchScreen.storyboard;
			sourceTree = "<group>";
		};
/* End PBXVariantGroup section */

/* Begin XCBuildConfiguration section */
		D26D567B29720AF300D12AF4 /* Debug */ = {
			isa = XCBuildConfiguration;
			buildSettings = {
				ALWAYS_SEARCH_USER_PATHS = NO;
				CLANG_ANALYZER_NONNULL = YES;
				CLANG_ANALYZER_NUMBER_OBJECT_CONVERSION = YES_AGGRESSIVE;
				CLANG_CXX_LANGUAGE_STANDARD = "gnu++20";
				CLANG_ENABLE_MODULES = YES;
				CLANG_ENABLE_OBJC_ARC = YES;
				CLANG_ENABLE_OBJC_WEAK = YES;
				CLANG_WARN_BLOCK_CAPTURE_AUTORELEASING = YES;
				CLANG_WARN_BOOL_CONVERSION = YES;
				CLANG_WARN_COMMA = YES;
				CLANG_WARN_CONSTANT_CONVERSION = YES;
				CLANG_WARN_DEPRECATED_OBJC_IMPLEMENTATIONS = YES;
				CLANG_WARN_DIRECT_OBJC_ISA_USAGE = YES_ERROR;
				CLANG_WARN_DOCUMENTATION_COMMENTS = YES;
				CLANG_WARN_EMPTY_BODY = YES;
				CLANG_WARN_ENUM_CONVERSION = YES;
				CLANG_WARN_INFINITE_RECURSION = YES;
				CLANG_WARN_INT_CONVERSION = YES;
				CLANG_WARN_NON_LITERAL_NULL_CONVERSION = YES;
				CLANG_WARN_OBJC_IMPLICIT_RETAIN_SELF = YES;
				CLANG_WARN_OBJC_LITERAL_CONVERSION = YES;
				CLANG_WARN_OBJC_ROOT_CLASS = YES_ERROR;
				CLANG_WARN_QUOTED_INCLUDE_IN_FRAMEWORK_HEADER = YES;
				CLANG_WARN_RANGE_LOOP_ANALYSIS = YES;
				CLANG_WARN_STRICT_PROTOTYPES = YES;
				CLANG_WARN_SUSPICIOUS_MOVE = YES;
				CLANG_WARN_UNGUARDED_AVAILABILITY = YES_AGGRESSIVE;
				CLANG_WARN_UNREACHABLE_CODE = YES;
				CLANG_WARN__DUPLICATE_METHOD_MATCH = YES;
				COPY_PHASE_STRIP = NO;
				DEBUG_INFORMATION_FORMAT = dwarf;
				ENABLE_STRICT_OBJC_MSGSEND = YES;
				ENABLE_TESTABILITY = YES;
				GCC_C_LANGUAGE_STANDARD = gnu11;
				GCC_DYNAMIC_NO_PIC = NO;
				GCC_NO_COMMON_BLOCKS = YES;
				GCC_OPTIMIZATION_LEVEL = 0;
				GCC_PREPROCESSOR_DEFINITIONS = (
					"DEBUG=1",
					"$(inherited)",
				);
				GCC_WARN_64_TO_32_BIT_CONVERSION = YES;
				GCC_WARN_ABOUT_RETURN_TYPE = YES_ERROR;
				GCC_WARN_UNDECLARED_SELECTOR = YES;
				GCC_WARN_UNINITIALIZED_AUTOS = YES_AGGRESSIVE;
				GCC_WARN_UNUSED_FUNCTION = YES;
				GCC_WARN_UNUSED_VARIABLE = YES;
				IPHONEOS_DEPLOYMENT_TARGET = 16.2;
				MTL_ENABLE_DEBUG_INFO = INCLUDE_SOURCE;
				MTL_FAST_MATH = YES;
				ONLY_ACTIVE_ARCH = YES;
				SDKROOT = iphoneos;
				SWIFT_ACTIVE_COMPILATION_CONDITIONS = DEBUG;
				SWIFT_OPTIMIZATION_LEVEL = "-Onone";
			};
			name = Debug;
		};
		D26D567C29720AF300D12AF4 /* Release */ = {
			isa = XCBuildConfiguration;
			buildSettings = {
				ALWAYS_SEARCH_USER_PATHS = NO;
				CLANG_ANALYZER_NONNULL = YES;
				CLANG_ANALYZER_NUMBER_OBJECT_CONVERSION = YES_AGGRESSIVE;
				CLANG_CXX_LANGUAGE_STANDARD = "gnu++20";
				CLANG_ENABLE_MODULES = YES;
				CLANG_ENABLE_OBJC_ARC = YES;
				CLANG_ENABLE_OBJC_WEAK = YES;
				CLANG_WARN_BLOCK_CAPTURE_AUTORELEASING = YES;
				CLANG_WARN_BOOL_CONVERSION = YES;
				CLANG_WARN_COMMA = YES;
				CLANG_WARN_CONSTANT_CONVERSION = YES;
				CLANG_WARN_DEPRECATED_OBJC_IMPLEMENTATIONS = YES;
				CLANG_WARN_DIRECT_OBJC_ISA_USAGE = YES_ERROR;
				CLANG_WARN_DOCUMENTATION_COMMENTS = YES;
				CLANG_WARN_EMPTY_BODY = YES;
				CLANG_WARN_ENUM_CONVERSION = YES;
				CLANG_WARN_INFINITE_RECURSION = YES;
				CLANG_WARN_INT_CONVERSION = YES;
				CLANG_WARN_NON_LITERAL_NULL_CONVERSION = YES;
				CLANG_WARN_OBJC_IMPLICIT_RETAIN_SELF = YES;
				CLANG_WARN_OBJC_LITERAL_CONVERSION = YES;
				CLANG_WARN_OBJC_ROOT_CLASS = YES_ERROR;
				CLANG_WARN_QUOTED_INCLUDE_IN_FRAMEWORK_HEADER = YES;
				CLANG_WARN_RANGE_LOOP_ANALYSIS = YES;
				CLANG_WARN_STRICT_PROTOTYPES = YES;
				CLANG_WARN_SUSPICIOUS_MOVE = YES;
				CLANG_WARN_UNGUARDED_AVAILABILITY = YES_AGGRESSIVE;
				CLANG_WARN_UNREACHABLE_CODE = YES;
				CLANG_WARN__DUPLICATE_METHOD_MATCH = YES;
				COPY_PHASE_STRIP = NO;
				DEBUG_INFORMATION_FORMAT = "dwarf-with-dsym";
				ENABLE_NS_ASSERTIONS = NO;
				ENABLE_STRICT_OBJC_MSGSEND = YES;
				GCC_C_LANGUAGE_STANDARD = gnu11;
				GCC_NO_COMMON_BLOCKS = YES;
				GCC_WARN_64_TO_32_BIT_CONVERSION = YES;
				GCC_WARN_ABOUT_RETURN_TYPE = YES_ERROR;
				GCC_WARN_UNDECLARED_SELECTOR = YES;
				GCC_WARN_UNINITIALIZED_AUTOS = YES_AGGRESSIVE;
				GCC_WARN_UNUSED_FUNCTION = YES;
				GCC_WARN_UNUSED_VARIABLE = YES;
				IPHONEOS_DEPLOYMENT_TARGET = 16.2;
				MTL_ENABLE_DEBUG_INFO = NO;
				MTL_FAST_MATH = YES;
				SDKROOT = iphoneos;
				SWIFT_COMPILATION_MODE = wholemodule;
				SWIFT_OPTIMIZATION_LEVEL = "-O";
				VALIDATE_PRODUCT = YES;
			};
			name = Release;
		};
		D26D567E29720AF300D12AF4 /* Debug */ = {
			isa = XCBuildConfiguration;
			buildSettings = {
				ASSETCATALOG_COMPILER_APPICON_NAME = AppIcon;
				ASSETCATALOG_COMPILER_GLOBAL_ACCENT_COLOR_NAME = AccentColor;
				CODE_SIGN_STYLE = Automatic;
				CURRENT_PROJECT_VERSION = 1;
				GENERATE_INFOPLIST_FILE = YES;
				INFOPLIST_FILE = SignupApp/Info.plist;
				INFOPLIST_KEY_UIApplicationSupportsIndirectInputEvents = YES;
				INFOPLIST_KEY_UILaunchStoryboardName = Main.storyboard;
				INFOPLIST_KEY_UIMainStoryboardFile = Main;
				INFOPLIST_KEY_UISupportedInterfaceOrientations = UIInterfaceOrientationPortrait;
				INFOPLIST_KEY_UISupportedInterfaceOrientations_iPad = "UIInterfaceOrientationLandscapeLeft UIInterfaceOrientationLandscapeRight UIInterfaceOrientationPortrait UIInterfaceOrientationPortraitUpsideDown";
				IPHONEOS_DEPLOYMENT_TARGET = 15.0;
				LD_RUNPATH_SEARCH_PATHS = (
					"$(inherited)",
					"@executable_path/Frameworks",
				);
				MARKETING_VERSION = 1.0;
				PRODUCT_BUNDLE_IDENTIFIER = "Yury-Lebedev.SignupApp";
				PRODUCT_NAME = "$(TARGET_NAME)";
				SUPPORTED_PLATFORMS = "iphoneos iphonesimulator";
				SUPPORTS_MACCATALYST = NO;
				SUPPORTS_MAC_DESIGNED_FOR_IPHONE_IPAD = NO;
				SWIFT_EMIT_LOC_STRINGS = YES;
				SWIFT_VERSION = 5.0;
				TARGETED_DEVICE_FAMILY = 1;
			};
			name = Debug;
		};
		D26D567F29720AF300D12AF4 /* Release */ = {
			isa = XCBuildConfiguration;
			buildSettings = {
				ASSETCATALOG_COMPILER_APPICON_NAME = AppIcon;
				ASSETCATALOG_COMPILER_GLOBAL_ACCENT_COLOR_NAME = AccentColor;
				CODE_SIGN_STYLE = Automatic;
				CURRENT_PROJECT_VERSION = 1;
				GENERATE_INFOPLIST_FILE = YES;
				INFOPLIST_FILE = SignupApp/Info.plist;
				INFOPLIST_KEY_UIApplicationSupportsIndirectInputEvents = YES;
				INFOPLIST_KEY_UILaunchStoryboardName = Main.storyboard;
				INFOPLIST_KEY_UIMainStoryboardFile = Main;
				INFOPLIST_KEY_UISupportedInterfaceOrientations = UIInterfaceOrientationPortrait;
				INFOPLIST_KEY_UISupportedInterfaceOrientations_iPad = "UIInterfaceOrientationLandscapeLeft UIInterfaceOrientationLandscapeRight UIInterfaceOrientationPortrait UIInterfaceOrientationPortraitUpsideDown";
				IPHONEOS_DEPLOYMENT_TARGET = 15.0;
				LD_RUNPATH_SEARCH_PATHS = (
					"$(inherited)",
					"@executable_path/Frameworks",
				);
				MARKETING_VERSION = 1.0;
				PRODUCT_BUNDLE_IDENTIFIER = "Yury-Lebedev.SignupApp";
				PRODUCT_NAME = "$(TARGET_NAME)";
				SUPPORTED_PLATFORMS = "iphoneos iphonesimulator";
				SUPPORTS_MACCATALYST = NO;
				SUPPORTS_MAC_DESIGNED_FOR_IPHONE_IPAD = NO;
				SWIFT_EMIT_LOC_STRINGS = YES;
				SWIFT_VERSION = 5.0;
				TARGETED_DEVICE_FAMILY = 1;
			};
			name = Release;
		};
/* End XCBuildConfiguration section */

/* Begin XCConfigurationList section */
		D26D566429720AF300D12AF4 /* Build configuration list for PBXProject "SignupApp" */ = {
			isa = XCConfigurationList;
			buildConfigurations = (
				D26D567B29720AF300D12AF4 /* Debug */,
				D26D567C29720AF300D12AF4 /* Release */,
			);
			defaultConfigurationIsVisible = 0;
			defaultConfigurationName = Release;
		};
		D26D567D29720AF300D12AF4 /* Build configuration list for PBXNativeTarget "SignupApp" */ = {
			isa = XCConfigurationList;
			buildConfigurations = (
				D26D567E29720AF300D12AF4 /* Debug */,
				D26D567F29720AF300D12AF4 /* Release */,
			);
			defaultConfigurationIsVisible = 0;
			defaultConfigurationName = Release;
		};
/* End XCConfigurationList section */
	};
	rootObject = D26D566129720AF300D12AF4 /* Project object */;
}
